# Build inputs pinned 2026-10-01
FEDORA_RELEASE=44
FEDORA_COMPOSE=1.7
FEDORA_ISO=Fedora-Everything-netinst-x86_64-44-1.7.iso
FEDORA_ISO_SHA256=bd285201494dd0ba09b54d05ac707de1401668b8512a573edb5922dcf9d7067e
FEDORA_ISO_URL=https://download.fedoraproject.org/pub/fedora/linux/releases/44/Everything/x86_64/iso/Fedora-Everything-netinst-x86_64-44-1.7.iso

COCOOS_REPO=https://github.com/Djingerr/CocoOS.git
COCOOS_COMMIT=8c22132f1ce4146c0d6bff812f6fc8f724fe0101

MOONLIGHT_REPO=https://github.com/moonlight-stream/moonlight-qt.git
MOONLIGHT_COMMIT=8369d1a0e11b999d4d1598f62ca5f6dea49602fb

AUDIO_REPO=https://github.com/davidjo/snd_hda_macbookpro.git
AUDIO_COMMIT=89b22ff90b86468b186706861dd18663562defa7

# Kernel installed by pinned Fedora 44 Everything netinst 44-1.7 media during image build.
INSTALLER_KERNEL=6.19.10-300.fc44.x86_64

# Optional frontends pinned 2026-10-02; never resolve mutable "latest" during build.
VIBEMIS_VERSION=0.5.0
VIBEMIS_REPO=https://github.com/navyas321/vibemis.git
VIBEMIS_COMMIT=c3032fc8ee56188a91c1f5a3a8aeae6cf36fb6de
ARTEMIS_REPO=https://github.com/wjbeckett/artemis.git
ARTEMIS_COMMIT=afe2de7f2b24a2f6161f5672e8aa38450fa793ef
PEGASUS_VERSION=alpha16-106-g83fd27f4
PEGASUS_URL=https://github.com/mmatyas/pegasus-frontend/releases/download/continuous/pegasus-fe_alpha16-106-g83fd27f4_x11-static.zip
PEGASUS_SHA256=85842b658796a67aeaefd2eeef8d3ee1999c675661bf443fa34e999e394bc550

# Reviewed EclipseOS Vibemis theme/status patch.
VIBEMIS_PATCH_SHA256=2c002f07f89d74df200285aed2c74af5072a3e029f0023ec87e7478f55e8eaaf
